{
  "version": "v1",
  "packages": {
    "@panther-expo/core": {
      "signature": "73bf7f38bb2ae372d029c8b414a374e8",
      "file": true,
      "replaced": "file:../../packages/core"
    },
    "@panther-expo/theme": {
      "signature": "c7bdb1e737145fc88219813667961cb4",
      "file": true,
      "replaced": "file:../../packages/theme"
    },
    "@panther-expo/ui": {
      "signature": "5ef8ad7b3c57355b65ef54f38c03d6c2",
      "file": true,
      "replaced": "file:../../packages/ui"
    },
    "@panther-expo/utils": {
      "signature": "d19d23f3e49dbf59532d9f6d2b596e72",
      "file": true,
      "replaced": "file:../../packages/utils"
    }
  }
}